
Microsoft Visual Studio Solution File, Format Version 12.00
# Visual Studio Version 17
VisualStudioVersion = 17.0.31903.59
MinimumVisualStudioVersion = 10.0.40219.1
Project("{2150E333-8FDC-42A3-9474-1A3956D46DE8}") = "src", "src", "{62AB5C2B-894D-4067-B417-519ECE9B83ED}"
EndProject
Project("{FAE04EC0-301F-11D3-BF4B-00C04F79EFBC}") = "AOC25", "src\AOC25\AOC25.csproj", "{0B78288F-1916-42E6-BD97-84920427E31C}"
EndProject
Global
	GlobalSection(SolutionConfigurationPlatforms) = preSolution
		Debug|Any CPU = Debug|Any CPU
		Release|Any CPU = Release|Any CPU
	EndGlobalSection
	GlobalSection(SolutionProperties) = preSolution
		HideSolutionNode = FALSE
	EndGlobalSection
	GlobalSection(ProjectConfigurationPlatforms) = postSolution
		{0B78288F-1916-42E6-BD97-84920427E31C}.Debug|Any CPU.ActiveCfg = Debug|Any CPU
		{0B78288F-1916-42E6-BD97-84920427E31C}.Debug|Any CPU.Build.0 = Debug|Any CPU
		{0B78288F-1916-42E6-BD97-84920427E31C}.Release|Any CPU.ActiveCfg = Release|Any CPU
		{0B78288F-1916-42E6-BD97-84920427E31C}.Release|Any CPU.Build.0 = Release|Any CPU
	EndGlobalSection
	GlobalSection(NestedProjects) = preSolution
		{0B78288F-1916-42E6-BD97-84920427E31C} = {62AB5C2B-894D-4067-B417-519ECE9B83ED}
	EndGlobalSection
EndGlobal
